
Microsoft Visual Studio Solution File, Format Version 12.00
# Visual Studio Version 17
VisualStudioVersion = 17.7.34031.279
MinimumVisualStudioVersion = 10.0.40219.1
Project("{FAE04EC0-301F-11D3-BF4B-00C04F79EFBC}") = "RPG_game", "RPG_game\RPG_game.csproj", "{A8C9A29D-199B-4ACA-BC08-D81C0549BD0E}"
EndProject
Global
	GlobalSection(SolutionConfigurationPlatforms) = preSolution
		Debug|Any CPU = Debug|Any CPU
		Release|Any CPU = Release|Any CPU
	EndGlobalSection
	GlobalSection(ProjectConfigurationPlatforms) = postSolution
		{A8C9A29D-199B-4ACA-BC08-D81C0549BD0E}.Debug|Any CPU.ActiveCfg = Debug|Any CPU
		{A8C9A29D-199B-4ACA-BC08-D81C0549BD0E}.Debug|Any CPU.Build.0 = Debug|Any CPU
		{A8C9A29D-199B-4ACA-BC08-D81C0549BD0E}.Release|Any CPU.ActiveCfg = Release|Any CPU
		{A8C9A29D-199B-4ACA-BC08-D81C0549BD0E}.Release|Any CPU.Build.0 = Release|Any CPU
	EndGlobalSection
	GlobalSection(SolutionProperties) = preSolution
		HideSolutionNode = FALSE
	EndGlobalSection
	GlobalSection(ExtensibilityGlobals) = postSolution
		SolutionGuid = {E4696071-C4CB-4051-A1B6-08AFA03207EB}
	EndGlobalSection
EndGlobal
